
Microsoft Visual Studio Solution File, Format Version 12.00
# Visual Studio 2012
Project("{FAE04EC0-301F-11D3-BF4B-00C04F79EFBC}") = "MeetUpApp", "MeetUpApp\MeetUpApp.csproj", "{702762A4-B4BA-4CB3-A758-BC6996F9C75B}"
EndProject
Project("{FAE04EC0-301F-11D3-BF4B-00C04F79EFBC}") = "MeetUpApp.iOS", "iOS\MeetUpApp.iOS.csproj", "{099F98B2-984F-4FAD-9314-3CD9592CDAF2}"
EndProject
Project("{FAE04EC0-301F-11D3-BF4B-00C04F79EFBC}") = "MeetUpApp.Droid", "Droid\MeetUpApp.Droid.csproj", "{096A711E-C645-4C9F-A568-7EBE9B2412B6}"
EndProject
Global
	GlobalSection(SolutionConfigurationPlatforms) = preSolution
		Debug|Any CPU = Debug|Any CPU
		Release|Any CPU = Release|Any CPU
		Debug|iPhoneSimulator = Debug|iPhoneSimulator
		Release|iPhone = Release|iPhone
		Release|iPhoneSimulator = Release|iPhoneSimulator
		Debug|iPhone = Debug|iPhone
	EndGlobalSection
	GlobalSection(ProjectConfigurationPlatforms) = postSolution
		{702762A4-B4BA-4CB3-A758-BC6996F9C75B}.Debug|Any CPU.ActiveCfg = Debug|Any CPU
		{702762A4-B4BA-4CB3-A758-BC6996F9C75B}.Debug|Any CPU.Build.0 = Debug|Any CPU
		{702762A4-B4BA-4CB3-A758-BC6996F9C75B}.Release|Any CPU.ActiveCfg = Release|Any CPU
		{702762A4-B4BA-4CB3-A758-BC6996F9C75B}.Release|Any CPU.Build.0 = Release|Any CPU
		{702762A4-B4BA-4CB3-A758-BC6996F9C75B}.Debug|iPhoneSimulator.ActiveCfg = Debug|Any CPU
		{702762A4-B4BA-4CB3-A758-BC6996F9C75B}.Debug|iPhoneSimulator.Build.0 = Debug|Any CPU
		{702762A4-B4BA-4CB3-A758-BC6996F9C75B}.Release|iPhone.ActiveCfg = Release|Any CPU
		{702762A4-B4BA-4CB3-A758-BC6996F9C75B}.Release|iPhone.Build.0 = Release|Any CPU
		{702762A4-B4BA-4CB3-A758-BC6996F9C75B}.Release|iPhoneSimulator.ActiveCfg = Release|Any CPU
		{702762A4-B4BA-4CB3-A758-BC6996F9C75B}.Release|iPhoneSimulator.Build.0 = Release|Any CPU
		{702762A4-B4BA-4CB3-A758-BC6996F9C75B}.Debug|iPhone.ActiveCfg = Debug|Any CPU
		{702762A4-B4BA-4CB3-A758-BC6996F9C75B}.Debug|iPhone.Build.0 = Debug|Any CPU
		{099F98B2-984F-4FAD-9314-3CD9592CDAF2}.Debug|Any CPU.ActiveCfg = Debug|iPhoneSimulator
		{099F98B2-984F-4FAD-9314-3CD9592CDAF2}.Debug|Any CPU.Build.0 = Debug|iPhoneSimulator
		{099F98B2-984F-4FAD-9314-3CD9592CDAF2}.Release|Any CPU.ActiveCfg = Release|iPhone
		{099F98B2-984F-4FAD-9314-3CD9592CDAF2}.Release|Any CPU.Build.0 = Release|iPhone
		{099F98B2-984F-4FAD-9314-3CD9592CDAF2}.Debug|iPhoneSimulator.ActiveCfg = Debug|iPhoneSimulator
		{099F98B2-984F-4FAD-9314-3CD9592CDAF2}.Debug|iPhoneSimulator.Build.0 = Debug|iPhoneSimulator
		{099F98B2-984F-4FAD-9314-3CD9592CDAF2}.Release|iPhone.ActiveCfg = Release|iPhone
		{099F98B2-984F-4FAD-9314-3CD9592CDAF2}.Release|iPhone.Build.0 = Release|iPhone
		{099F98B2-984F-4FAD-9314-3CD9592CDAF2}.Release|iPhoneSimulator.ActiveCfg = Release|iPhoneSimulator
		{099F98B2-984F-4FAD-9314-3CD9592CDAF2}.Release|iPhoneSimulator.Build.0 = Release|iPhoneSimulator
		{099F98B2-984F-4FAD-9314-3CD9592CDAF2}.Debug|iPhone.ActiveCfg = Debug|iPhone
		{099F98B2-984F-4FAD-9314-3CD9592CDAF2}.Debug|iPhone.Build.0 = Debug|iPhone
		{096A711E-C645-4C9F-A568-7EBE9B2412B6}.Debug|Any CPU.ActiveCfg = Debug|Any CPU
		{096A711E-C645-4C9F-A568-7EBE9B2412B6}.Debug|Any CPU.Build.0 = Debug|Any CPU
		{096A711E-C645-4C9F-A568-7EBE9B2412B6}.Release|Any CPU.ActiveCfg = Release|Any CPU
		{096A711E-C645-4C9F-A568-7EBE9B2412B6}.Release|Any CPU.Build.0 = Release|Any CPU
		{096A711E-C645-4C9F-A568-7EBE9B2412B6}.Debug|iPhoneSimulator.ActiveCfg = Debug|Any CPU
		{096A711E-C645-4C9F-A568-7EBE9B2412B6}.Debug|iPhoneSimulator.Build.0 = Debug|Any CPU
		{096A711E-C645-4C9F-A568-7EBE9B2412B6}.Release|iPhone.ActiveCfg = Release|Any CPU
		{096A711E-C645-4C9F-A568-7EBE9B2412B6}.Release|iPhone.Build.0 = Release|Any CPU
		{096A711E-C645-4C9F-A568-7EBE9B2412B6}.Release|iPhoneSimulator.ActiveCfg = Release|Any CPU
		{096A711E-C645-4C9F-A568-7EBE9B2412B6}.Release|iPhoneSimulator.Build.0 = Release|Any CPU
		{096A711E-C645-4C9F-A568-7EBE9B2412B6}.Debug|iPhone.ActiveCfg = Debug|Any CPU
		{096A711E-C645-4C9F-A568-7EBE9B2412B6}.Debug|iPhone.Build.0 = Debug|Any CPU
	EndGlobalSection
EndGlobal
